<?xml version="1.0" encoding="utf-8"?>
<Project ToolsVersion="4.0" xmlns="http://schemas.microsoft.com/developer/msbuild/2003">
  <ItemGroup>
    <Filter Include="소스 파일">
      <UniqueIdentifier>{4FC737F1-C7A5-4376-A066-2A32D752A2FF}</UniqueIdentifier>
      <Extensions>cpp;c;cc;cxx;def;odl;idl;hpj;bat;asm;asmx</Extensions>
    </Filter>
    <Filter Include="헤더 파일">
      <UniqueIdentifier>{93995380-89BD-4b04-88EB-625FBE52EBFB}</UniqueIdentifier>
      <Extensions>h;hh;hpp;hxx;hm;inl;inc;ipp;xsd</Extensions>
    </Filter>
    <Filter Include="리소스 파일">
      <UniqueIdentifier>{67DA6AB6-F800-4c08-8B7A-83BB121AAD01}</UniqueIdentifier>
      <Extensions>rc;ico;cur;bmp;dlg;rc2;rct;bin;rgs;gif;jpg;jpeg;jpe;resx;tiff;tif;png;wav;mfcribbon-ms</Extensions>
    </Filter>
  </ItemGroup>
  <ItemGroup>
    <ClCompile Include="src\main.cpp">
      <Filter>소스 파일</Filter>
    </ClCompile>
    <ClCompile Include="src\alglib.c">
      <Filter>소스 파일</Filter>
    </ClCompile>
    <ClCompile Include="src\audio.c">
      <Filter>소스 파일</Filter>
    </ClCompile>
    <ClCompile Include="src\audio_data.c">
      <Filter>소스 파일</Filter>
    </ClCompile>
    <ClCompile Include="src\button.c">
      <Filter>소스 파일</Filter>
    </ClCompile>
    <ClCompile Include="src\course_load.c">
      <Filter>소스 파일</Filter>
    </ClCompile>
    <ClCompile Include="src\course_mgr.c">
      <Filter>소스 파일</Filter>
    </ClCompile>
    <ClCompile Include="src\course_quad.cpp">
      <Filter>소스 파일</Filter>
    </ClCompile>
    <ClCompile Include="src\course_render.c">
      <Filter>소스 파일</Filter>
    </ClCompile>
    <ClCompile Include="src\credits.c">
      <Filter>소스 파일</Filter>
    </ClCompile>
    <ClCompile Include="src\debug.c">
      <Filter>소스 파일</Filter>
    </ClCompile>
    <ClCompile Include="src\error_util.c">
      <Filter>소스 파일</Filter>
    </ClCompile>
    <ClCompile Include="src\event_select.c">
      <Filter>소스 파일</Filter>
    </ClCompile>
    <ClCompile Include="src\file_util.c">
      <Filter>소스 파일</Filter>
    </ClCompile>
    <ClCompile Include="src\fog.c">
      <Filter>소스 파일</Filter>
    </ClCompile>
    <ClCompile Include="src\fonts.c">
      <Filter>소스 파일</Filter>
    </ClCompile>
    <ClCompile Include="src\fps.c">
      <Filter>소스 파일</Filter>
    </ClCompile>
    <ClCompile Include="src\game_config.c">
      <Filter>소스 파일</Filter>
    </ClCompile>
    <ClCompile Include="src\game_logic_util.c">
      <Filter>소스 파일</Filter>
    </ClCompile>
    <ClCompile Include="src\game_over.c">
      <Filter>소스 파일</Filter>
    </ClCompile>
    <ClCompile Include="src\game_type_select.c">
      <Filter>소스 파일</Filter>
    </ClCompile>
    <ClCompile Include="src\gauss.c">
      <Filter>소스 파일</Filter>
    </ClCompile>
    <ClCompile Include="src\gl_util.c">
      <Filter>소스 파일</Filter>
    </ClCompile>
    <ClCompile Include="src\hash.c">
      <Filter>소스 파일</Filter>
    </ClCompile>
    <ClCompile Include="src\hier.c">
      <Filter>소스 파일</Filter>
    </ClCompile>
    <ClCompile Include="src\hier_cb.c">
      <Filter>소스 파일</Filter>
    </ClCompile>
    <ClCompile Include="src\hier_util.c">
      <Filter>소스 파일</Filter>
    </ClCompile>
    <ClCompile Include="src\hud.c">
      <Filter>소스 파일</Filter>
    </ClCompile>
    <ClCompile Include="src\image.c">
      <Filter>소스 파일</Filter>
    </ClCompile>
    <ClCompile Include="src\intro.c">
      <Filter>소스 파일</Filter>
    </ClCompile>
    <ClCompile Include="src\joystick.c">
      <Filter>소스 파일</Filter>
    </ClCompile>
    <ClCompile Include="src\keyboard.c">
      <Filter>소스 파일</Filter>
    </ClCompile>
    <ClCompile Include="src\keyboard_util.c">
      <Filter>소스 파일</Filter>
    </ClCompile>
    <ClCompile Include="src\keyframe.c">
      <Filter>소스 파일</Filter>
    </ClCompile>
    <ClCompile Include="src\lights.c">
      <Filter>소스 파일</Filter>
    </ClCompile>
    <ClCompile Include="src\list.c">
      <Filter>소스 파일</Filter>
    </ClCompile>
    <ClCompile Include="src\listbox.c">
      <Filter>소스 파일</Filter>
    </ClCompile>
    <ClCompile Include="src\loading.c">
      <Filter>소스 파일</Filter>
    </ClCompile>
    <ClCompile Include="src\loop.c">
      <Filter>소스 파일</Filter>
    </ClCompile>
    <ClCompile Include="src\mirror_course.c">
      <Filter>소스 파일</Filter>
    </ClCompile>
    <ClCompile Include="src\multiplayer.c">
      <Filter>소스 파일</Filter>
    </ClCompile>
    <ClCompile Include="src\nmrcl.c">
      <Filter>소스 파일</Filter>
    </ClCompile>
    <ClCompile Include="src\os_util.c">
      <Filter>소스 파일</Filter>
    </ClCompile>
    <ClCompile Include="src\part_sys.c">
      <Filter>소스 파일</Filter>
    </ClCompile>
    <ClCompile Include="src\paused.c">
      <Filter>소스 파일</Filter>
    </ClCompile>
    <ClCompile Include="src\phys_sim.c">
      <Filter>소스 파일</Filter>
    </ClCompile>
    <ClCompile Include="src\pic.c">
      <Filter>소스 파일</Filter>
    </ClCompile>
    <ClCompile Include="src\preview.c">
      <Filter>소스 파일</Filter>
    </ClCompile>
    <ClCompile Include="src\quadgeom.cpp">
      <Filter>소스 파일</Filter>
    </ClCompile>
    <ClCompile Include="src\quadtree.cpp">
      <Filter>소스 파일</Filter>
    </ClCompile>
    <ClCompile Include="src\race_select.c">
      <Filter>소스 파일</Filter>
    </ClCompile>
    <ClCompile Include="src\racing.c">
      <Filter>소스 파일</Filter>
    </ClCompile>
    <ClCompile Include="src\render_util.c">
      <Filter>소스 파일</Filter>
    </ClCompile>
    <ClCompile Include="src\reset.c">
      <Filter>소스 파일</Filter>
    </ClCompile>
    <ClCompile Include="src\save.c">
      <Filter>소스 파일</Filter>
    </ClCompile>
    <ClCompile Include="src\screenshot.c">
      <Filter>소스 파일</Filter>
    </ClCompile>
    <ClCompile Include="src\splash_screen.c">
      <Filter>소스 파일</Filter>
    </ClCompile>
    <ClCompile Include="src\ssbutton.c">
      <Filter>소스 파일</Filter>
    </ClCompile>
    <ClCompile Include="src\string_util.c">
      <Filter>소스 파일</Filter>
    </ClCompile>
    <ClCompile Include="src\tcl_util.c">
      <Filter>소스 파일</Filter>
    </ClCompile>
    <ClCompile Include="src\tex_font_metrics.c">
      <Filter>소스 파일</Filter>
    </ClCompile>
    <ClCompile Include="src\textarea.c">
      <Filter>소스 파일</Filter>
    </ClCompile>
    <ClCompile Include="src\textures.c">
      <Filter>소스 파일</Filter>
    </ClCompile>
    <ClCompile Include="src\track_marks.c">
      <Filter>소스 파일</Filter>
    </ClCompile>
    <ClCompile Include="src\tux.c">
      <Filter>소스 파일</Filter>
    </ClCompile>
    <ClCompile Include="src\tux_shadow.c">
      <Filter>소스 파일</Filter>
    </ClCompile>
    <ClCompile Include="src\ui_mgr.c">
      <Filter>소스 파일</Filter>
    </ClCompile>
    <ClCompile Include="src\ui_snow.c">
      <Filter>소스 파일</Filter>
    </ClCompile>
    <ClCompile Include="src\ui_theme.c">
      <Filter>소스 파일</Filter>
    </ClCompile>
    <ClCompile Include="src\view.c">
      <Filter>소스 파일</Filter>
    </ClCompile>
    <ClCompile Include="src\viewfrustum.c">
      <Filter>소스 파일</Filter>
    </ClCompile>
    <ClCompile Include="src\winsys.c">
      <Filter>소스 파일</Filter>
    </ClCompile>
    <ClCompile Include="src\tuxracer.c">
      <Filter>소스 파일</Filter>
    </ClCompile>
    <ClCompile Include="src\Sensor.cpp">
      <Filter>소스 파일</Filter>
    </ClCompile>
  </ItemGroup>
  <ItemGroup>
    <ClInclude Include="src\alglib.h">
      <Filter>헤더 파일</Filter>
    </ClInclude>
    <ClInclude Include="src\audio.h">
      <Filter>헤더 파일</Filter>
    </ClInclude>
    <ClInclude Include="src\audio_data.h">
      <Filter>헤더 파일</Filter>
    </ClInclude>
    <ClInclude Include="src\button.h">
      <Filter>헤더 파일</Filter>
    </ClInclude>
    <ClInclude Include="src\course_load.h">
      <Filter>헤더 파일</Filter>
    </ClInclude>
    <ClInclude Include="src\course_mgr.h">
      <Filter>헤더 파일</Filter>
    </ClInclude>
    <ClInclude Include="src\course_quad.h">
      <Filter>헤더 파일</Filter>
    </ClInclude>
    <ClInclude Include="src\course_render.h">
      <Filter>헤더 파일</Filter>
    </ClInclude>
    <ClInclude Include="src\credits.h">
      <Filter>헤더 파일</Filter>
    </ClInclude>
    <ClInclude Include="src\debug.h">
      <Filter>헤더 파일</Filter>
    </ClInclude>
    <ClInclude Include="src\error_util.h">
      <Filter>헤더 파일</Filter>
    </ClInclude>
    <ClInclude Include="src\event_select.h">
      <Filter>헤더 파일</Filter>
    </ClInclude>
    <ClInclude Include="src\file_util.h">
      <Filter>헤더 파일</Filter>
    </ClInclude>
    <ClInclude Include="src\fog.h">
      <Filter>헤더 파일</Filter>
    </ClInclude>
    <ClInclude Include="src\fonts.h">
      <Filter>헤더 파일</Filter>
    </ClInclude>
    <ClInclude Include="src\fps.h">
      <Filter>헤더 파일</Filter>
    </ClInclude>
    <ClInclude Include="src\game_config.h">
      <Filter>헤더 파일</Filter>
    </ClInclude>
    <ClInclude Include="src\game_logic_util.h">
      <Filter>헤더 파일</Filter>
    </ClInclude>
    <ClInclude Include="src\game_over.h">
      <Filter>헤더 파일</Filter>
    </ClInclude>
    <ClInclude Include="src\game_type_select.h">
      <Filter>헤더 파일</Filter>
    </ClInclude>
    <ClInclude Include="src\gauss.h">
      <Filter>헤더 파일</Filter>
    </ClInclude>
    <ClInclude Include="src\gl_util.h">
      <Filter>헤더 파일</Filter>
    </ClInclude>
    <ClInclude Include="src\hash.h">
      <Filter>헤더 파일</Filter>
    </ClInclude>
    <ClInclude Include="src\hier.h">
      <Filter>헤더 파일</Filter>
    </ClInclude>
    <ClInclude Include="src\hier_cb.h">
      <Filter>헤더 파일</Filter>
    </ClInclude>
    <ClInclude Include="src\hier_util.h">
      <Filter>헤더 파일</Filter>
    </ClInclude>
    <ClInclude Include="src\hud.h">
      <Filter>헤더 파일</Filter>
    </ClInclude>
    <ClInclude Include="src\image.h">
      <Filter>헤더 파일</Filter>
    </ClInclude>
    <ClInclude Include="src\intro.h">
      <Filter>헤더 파일</Filter>
    </ClInclude>
    <ClInclude Include="src\joystick.h">
      <Filter>헤더 파일</Filter>
    </ClInclude>
    <ClInclude Include="src\keyboard.h">
      <Filter>헤더 파일</Filter>
    </ClInclude>
    <ClInclude Include="src\keyboard_util.h">
      <Filter>헤더 파일</Filter>
    </ClInclude>
    <ClInclude Include="src\keyframe.h">
      <Filter>헤더 파일</Filter>
    </ClInclude>
    <ClInclude Include="src\lights.h">
      <Filter>헤더 파일</Filter>
    </ClInclude>
    <ClInclude Include="src\list.h">
      <Filter>헤더 파일</Filter>
    </ClInclude>
    <ClInclude Include="src\listbox.h">
      <Filter>헤더 파일</Filter>
    </ClInclude>
    <ClInclude Include="src\loading.h">
      <Filter>헤더 파일</Filter>
    </ClInclude>
    <ClInclude Include="src\loop.h">
      <Filter>헤더 파일</Filter>
    </ClInclude>
    <ClInclude Include="src\mirror_course.h">
      <Filter>헤더 파일</Filter>
    </ClInclude>
    <ClInclude Include="src\multiplayer.h">
      <Filter>헤더 파일</Filter>
    </ClInclude>
    <ClInclude Include="src\nmrcl.h">
      <Filter>헤더 파일</Filter>
    </ClInclude>
    <ClInclude Include="src\os_util.h">
      <Filter>헤더 파일</Filter>
    </ClInclude>
    <ClInclude Include="src\part_sys.h">
      <Filter>헤더 파일</Filter>
    </ClInclude>
    <ClInclude Include="src\paused.h">
      <Filter>헤더 파일</Filter>
    </ClInclude>
    <ClInclude Include="src\phys_sim.h">
      <Filter>헤더 파일</Filter>
    </ClInclude>
    <ClInclude Include="src\pic.h">
      <Filter>헤더 파일</Filter>
    </ClInclude>
    <ClInclude Include="src\preview.h">
      <Filter>헤더 파일</Filter>
    </ClInclude>
    <ClInclude Include="src\quadgeom.hpp">
      <Filter>헤더 파일</Filter>
    </ClInclude>
    <ClInclude Include="src\quadtree.hpp">
      <Filter>헤더 파일</Filter>
    </ClInclude>
    <ClInclude Include="src\race_select.h">
      <Filter>헤더 파일</Filter>
    </ClInclude>
    <ClInclude Include="src\racing.h">
      <Filter>헤더 파일</Filter>
    </ClInclude>
    <ClInclude Include="src\render_util.h">
      <Filter>헤더 파일</Filter>
    </ClInclude>
    <ClInclude Include="src\reset.h">
      <Filter>헤더 파일</Filter>
    </ClInclude>
    <ClInclude Include="src\save.h">
      <Filter>헤더 파일</Filter>
    </ClInclude>
    <ClInclude Include="src\screenshot.h">
      <Filter>헤더 파일</Filter>
    </ClInclude>
    <ClInclude Include="src\splash_screen.h">
      <Filter>헤더 파일</Filter>
    </ClInclude>
    <ClInclude Include="src\ssbutton.h">
      <Filter>헤더 파일</Filter>
    </ClInclude>
    <ClInclude Include="src\string_util.h">
      <Filter>헤더 파일</Filter>
    </ClInclude>
    <ClInclude Include="src\tcl_util.h">
      <Filter>헤더 파일</Filter>
    </ClInclude>
    <ClInclude Include="src\tex_font_metrics.h">
      <Filter>헤더 파일</Filter>
    </ClInclude>
    <ClInclude Include="src\textarea.h">
      <Filter>헤더 파일</Filter>
    </ClInclude>
    <ClInclude Include="src\textures.h">
      <Filter>헤더 파일</Filter>
    </ClInclude>
    <ClInclude Include="src\track_marks.h">
      <Filter>헤더 파일</Filter>
    </ClInclude>
    <ClInclude Include="src\tux.h">
      <Filter>헤더 파일</Filter>
    </ClInclude>
    <ClInclude Include="src\tux_shadow.h">
      <Filter>헤더 파일</Filter>
    </ClInclude>
    <ClInclude Include="src\tux_types.h">
      <Filter>헤더 파일</Filter>
    </ClInclude>
    <ClInclude Include="src\tuxracer.h">
      <Filter>헤더 파일</Filter>
    </ClInclude>
    <ClInclude Include="src\ui_mgr.h">
      <Filter>헤더 파일</Filter>
    </ClInclude>
    <ClInclude Include="src\ui_snow.h">
      <Filter>헤더 파일</Filter>
    </ClInclude>
    <ClInclude Include="src\ui_theme.h">
      <Filter>헤더 파일</Filter>
    </ClInclude>
    <ClInclude Include="src\view.h">
      <Filter>헤더 파일</Filter>
    </ClInclude>
    <ClInclude Include="src\viewfrustum.h">
      <Filter>헤더 파일</Filter>
    </ClInclude>
    <ClInclude Include="src\winsys.h">
      <Filter>헤더 파일</Filter>
    </ClInclude>
    <ClInclude Include="src\Sensor.hpp">
      <Filter>헤더 파일</Filter>
    </ClInclude>
  </ItemGroup>
</Project>